// !$*UTF8*$!
{
	archiveVersion = 1;
	classes = {
	};
	objectVersion = 50;
	objects = {

/* Begin PBXBuildFile section */
		99F4A77322E4D9B00047A972 /* AppDelegate.swift in Sources */ = {isa = PBXBuildFile; fileRef = 99F4A77222E4D9B00047A972 /* AppDelegate.swift */; };
		99F4A77522E4D9B00047A972 /* ViewController.swift in Sources */ = {isa = PBXBuildFile; fileRef = 99F4A77422E4D9B00047A972 /* ViewController.swift */; };
		99F4A77822E4D9B00047A972 /* Main.storyboard in Resources */ = {isa = PBXBuildFile; fileRef = 99F4A77622E4D9B00047A972 /* Main.storyboard */; };
		99F4A77A22E4D9B20047A972 /* Assets.xcassets in Resources */ = {isa = PBXBuildFile; fileRef = 99F4A77922E4D9B20047A972 /* Assets.xcassets */; };
		99F4A77D22E4D9B20047A972 /* LaunchScreen.storyboard in Resources */ = {isa = PBXBuildFile; fileRef = 99F4A77B22E4D9B20047A972 /* LaunchScreen.storyboard */; };
		99F4A78822E4D9B20047A972 /* RedditClientTests.swift in Sources */ = {isa = PBXBuildFile; fileRef = 99F4A78722E4D9B20047A972 /* RedditClientTests.swift */; };
		99F4A79322E4D9B20047A972 /* RedditClientUITests.swift in Sources */ = {isa = PBXBuildFile; fileRef = 99F4A79222E4D9B20047A972 /* RedditClientUITests.swift */; };
		99F4A7A222E4DB080047A972 /* APIManager.swift in Sources */ = {isa = PBXBuildFile; fileRef = 99F4A7A122E4DB080047A972 /* APIManager.swift */; };
		99F4A7A422E4DB4E0047A972 /* RedditPost.swift in Sources */ = {isa = PBXBuildFile; fileRef = 99F4A7A322E4DB4E0047A972 /* RedditPost.swift */; };
		99F4A7A722E4DBE00047A972 /* Dictionary+Utils.swift in Sources */ = {isa = PBXBuildFile; fileRef = 99F4A7A622E4DBE00047A972 /* Dictionary+Utils.swift */; };
		99F4A7AB22E4DD1A0047A972 /* RedditPostTableViewCell.swift in Sources */ = {isa = PBXBuildFile; fileRef = 99F4A7A922E4DD1A0047A972 /* RedditPostTableViewCell.swift */; };
		99F4A7AC22E4DD1A0047A972 /* RedditPostTableViewCell.xib in Resources */ = {isa = PBXBuildFile; fileRef = 99F4A7AA22E4DD1A0047A972 /* RedditPostTableViewCell.xib */; };
		99F4A7AE22E4E18A0047A972 /* Date+Utils.swift in Sources */ = {isa = PBXBuildFile; fileRef = 99F4A7AD22E4E18A0047A972 /* Date+Utils.swift */; };
		99F4A7B122E4E5670047A972 /* DataManager.swift in Sources */ = {isa = PBXBuildFile; fileRef = 99F4A7B022E4E5670047A972 /* DataManager.swift */; };
		99F4A7B322E4E6640047A972 /* PostsDataSource.swift in Sources */ = {isa = PBXBuildFile; fileRef = 99F4A7B222E4E6640047A972 /* PostsDataSource.swift */; };
		99F4A7B522E4EC4E0047A972 /* ImageView+Utils.swift in Sources */ = {isa = PBXBuildFile; fileRef = 99F4A7B422E4EC4E0047A972 /* ImageView+Utils.swift */; };
		99F4A7BA22E4F21E0047A972 /* SpinnerTableViewCell.swift in Sources */ = {isa = PBXBuildFile; fileRef = 99F4A7B822E4F21E0047A972 /* SpinnerTableViewCell.swift */; };
		99F4A7BB22E4F21E0047A972 /* SpinnerTableViewCell.xib in Resources */ = {isa = PBXBuildFile; fileRef = 99F4A7B922E4F21E0047A972 /* SpinnerTableViewCell.xib */; };
/* End PBXBuildFile section */

/* Begin PBXContainerItemProxy section */
		99F4A78422E4D9B20047A972 /* PBXContainerItemProxy */ = {
			isa = PBXContainerItemProxy;
			containerPortal = 99F4A76722E4D9B00047A972 /* Project object */;
			proxyType = 1;
			remoteGlobalIDString = 99F4A76E22E4D9B00047A972;
			remoteInfo = RedditClient;
		};
		99F4A78F22E4D9B20047A972 /* PBXContainerItemProxy */ = {
			isa = PBXContainerItemProxy;
			containerPortal = 99F4A76722E4D9B00047A972 /* Project object */;
			proxyType = 1;
			remoteGlobalIDString = 99F4A76E22E4D9B00047A972;
			remoteInfo = RedditClient;
		};
/* End PBXContainerItemProxy section */

/* Begin PBXFileReference section */
		99F4A76F22E4D9B00047A972 /* RedditClient.app */ = {isa = PBXFileReference; explicitFileType = wrapper.application; includeInIndex = 0; path = RedditClient.app; sourceTree = BUILT_PRODUCTS_DIR; };
		99F4A77222E4D9B00047A972 /* AppDelegate.swift */ = {isa = PBXFileReference; lastKnownFileType = sourcecode.swift; path = AppDelegate.swift; sourceTree = "<group>"; };
		99F4A77422E4D9B00047A972 /* ViewController.swift */ = {isa = PBXFileReference; lastKnownFileType = sourcecode.swift; path = ViewController.swift; sourceTree = "<group>"; };
		99F4A77722E4D9B00047A972 /* Base */ = {isa = PBXFileReference; lastKnownFileType = file.storyboard; name = Base; path = Base.lproj/Main.storyboard; sourceTree = "<group>"; };
		99F4A77922E4D9B20047A972 /* Assets.xcassets */ = {isa = PBXFileReference; lastKnownFileType = folder.assetcatalog; path = Assets.xcassets; sourceTree = "<group>"; };
		99F4A77C22E4D9B20047A972 /* Base */ = {isa = PBXFileReference; lastKnownFileType = file.storyboard; name = Base; path = Base.lproj/LaunchScreen.storyboard; sourceTree = "<group>"; };
		99F4A77E22E4D9B20047A972 /* Info.plist */ = {isa = PBXFileReference; lastKnownFileType = text.plist.xml; path = Info.plist; sourceTree = "<group>"; };
		99F4A78322E4D9B20047A972 /* RedditClientTests.xctest */ = {isa = PBXFileReference; explicitFileType = wrapper.cfbundle; includeInIndex = 0; path = RedditClientTests.xctest; sourceTree = BUILT_PRODUCTS_DIR; };
		99F4A78722E4D9B20047A972 /* RedditClientTests.swift */ = {isa = PBXFileReference; lastKnownFileType = sourcecode.swift; path = RedditClientTests.swift; sourceTree = "<group>"; };
		99F4A78922E4D9B20047A972 /* Info.plist */ = {isa = PBXFileReference; lastKnownFileType = text.plist.xml; path = Info.plist; sourceTree = "<group>"; };
		99F4A78E22E4D9B20047A972 /* RedditClientUITests.xctest */ = {isa = PBXFileReference; explicitFileType = wrapper.cfbundle; includeInIndex = 0; path = RedditClientUITests.xctest; sourceTree = BUILT_PRODUCTS_DIR; };
		99F4A79222E4D9B20047A972 /* RedditClientUITests.swift */ = {isa = PBXFileReference; lastKnownFileType = sourcecode.swift; path = RedditClientUITests.swift; sourceTree = "<group>"; };
		99F4A79422E4D9B20047A972 /* Info.plist */ = {isa = PBXFileReference; lastKnownFileType = text.plist.xml; path = Info.plist; sourceTree = "<group>"; };
		99F4A7A122E4DB080047A972 /* APIManager.swift */ = {isa = PBXFileReference; lastKnownFileType = sourcecode.swift; path = APIManager.swift; sourceTree = "<group>"; };
		99F4A7A322E4DB4E0047A972 /* RedditPost.swift */ = {isa = PBXFileReference; lastKnownFileType = sourcecode.swift; path = RedditPost.swift; sourceTree = "<group>"; };
		99F4A7A622E4DBE00047A972 /* Dictionary+Utils.swift */ = {isa = PBXFileReference; lastKnownFileType = sourcecode.swift; path = "Dictionary+Utils.swift"; sourceTree = "<group>"; };
		99F4A7A922E4DD1A0047A972 /* RedditPostTableViewCell.swift */ = {isa = PBXFileReference; lastKnownFileType = sourcecode.swift; path = RedditPostTableViewCell.swift; sourceTree = "<group>"; };
		99F4A7AA22E4DD1A0047A972 /* RedditPostTableViewCell.xib */ = {isa = PBXFileReference; lastKnownFileType = file.xib; path = RedditPostTableViewCell.xib; sourceTree = "<group>"; };
		99F4A7AD22E4E18A0047A972 /* Date+Utils.swift */ = {isa = PBXFileReference; lastKnownFileType = sourcecode.swift; path = "Date+Utils.swift"; sourceTree = "<group>"; };
		99F4A7B022E4E5670047A972 /* DataManager.swift */ = {isa = PBXFileReference; lastKnownFileType = sourcecode.swift; path = DataManager.swift; sourceTree = "<group>"; };
		99F4A7B222E4E6640047A972 /* PostsDataSource.swift */ = {isa = PBXFileReference; lastKnownFileType = sourcecode.swift; path = PostsDataSource.swift; sourceTree = "<group>"; };
		99F4A7B422E4EC4E0047A972 /* ImageView+Utils.swift */ = {isa = PBXFileReference; lastKnownFileType = sourcecode.swift; path = "ImageView+Utils.swift"; sourceTree = "<group>"; };
		99F4A7B822E4F21E0047A972 /* SpinnerTableViewCell.swift */ = {isa = PBXFileReference; lastKnownFileType = sourcecode.swift; path = SpinnerTableViewCell.swift; sourceTree = "<group>"; };
		99F4A7B922E4F21E0047A972 /* SpinnerTableViewCell.xib */ = {isa = PBXFileReference; lastKnownFileType = file.xib; path = SpinnerTableViewCell.xib; sourceTree = "<group>"; };
/* End PBXFileReference section */

/* Begin PBXFrameworksBuildPhase section */
		99F4A76C22E4D9B00047A972 /* Frameworks */ = {
			isa = PBXFrameworksBuildPhase;
			buildActionMask = 2147483647;
			files = (
			);
			runOnlyForDeploymentPostprocessing = 0;
		};
		99F4A78022E4D9B20047A972 /* Frameworks */ = {
			isa = PBXFrameworksBuildPhase;
			buildActionMask = 2147483647;
			files = (
			);
			runOnlyForDeploymentPostprocessing = 0;
		};
		99F4A78B22E4D9B20047A972 /* Frameworks */ = {
			isa = PBXFrameworksBuildPhase;
			buildActionMask = 2147483647;
			files = (
			);
			runOnlyForDeploymentPostprocessing = 0;
		};
/* End PBXFrameworksBuildPhase section */

/* Begin PBXGroup section */
		99F4A76622E4D9B00047A972 = {
			isa = PBXGroup;
			children = (
				99F4A77122E4D9B00047A972 /* RedditClient */,
				99F4A78622E4D9B20047A972 /* RedditClientTests */,
				99F4A79122E4D9B20047A972 /* RedditClientUITests */,
				99F4A77022E4D9B00047A972 /* Products */,
			);
			sourceTree = "<group>";
		};
		99F4A77022E4D9B00047A972 /* Products */ = {
			isa = PBXGroup;
			children = (
				99F4A76F22E4D9B00047A972 /* RedditClient.app */,
				99F4A78322E4D9B20047A972 /* RedditClientTests.xctest */,
				99F4A78E22E4D9B20047A972 /* RedditClientUITests.xctest */,
			);
			name = Products;
			sourceTree = "<group>";
		};
		99F4A77122E4D9B00047A972 /* RedditClient */ = {
			isa = PBXGroup;
			children = (
				99F4A7A522E4DBC00047A972 /* Utils */,
				99F4A7A022E4DADD0047A972 /* Model Layer */,
				99F4A7AF22E4E54F0047A972 /* Data Layer */,
				99F4A7A822E4DCF90047A972 /* UI Layer */,
				99F4A77222E4D9B00047A972 /* AppDelegate.swift */,
				99F4A77422E4D9B00047A972 /* ViewController.swift */,
				99F4A77622E4D9B00047A972 /* Main.storyboard */,
				99F4A77922E4D9B20047A972 /* Assets.xcassets */,
				99F4A77B22E4D9B20047A972 /* LaunchScreen.storyboard */,
				99F4A77E22E4D9B20047A972 /* Info.plist */,
			);
			path = RedditClient;
			sourceTree = "<group>";
		};
		99F4A78622E4D9B20047A972 /* RedditClientTests */ = {
			isa = PBXGroup;
			children = (
				99F4A78722E4D9B20047A972 /* RedditClientTests.swift */,
				99F4A78922E4D9B20047A972 /* Info.plist */,
			);
			path = RedditClientTests;
			sourceTree = "<group>";
		};
		99F4A79122E4D9B20047A972 /* RedditClientUITests */ = {
			isa = PBXGroup;
			children = (
				99F4A79222E4D9B20047A972 /* RedditClientUITests.swift */,
				99F4A79422E4D9B20047A972 /* Info.plist */,
			);
			path = RedditClientUITests;
			sourceTree = "<group>";
		};
		99F4A7A022E4DADD0047A972 /* Model Layer */ = {
			isa = PBXGroup;
			children = (
				99F4A7A122E4DB080047A972 /* APIManager.swift */,
				99F4A7A322E4DB4E0047A972 /* RedditPost.swift */,
			);
			path = "Model Layer";
			sourceTree = "<group>";
		};
		99F4A7A522E4DBC00047A972 /* Utils */ = {
			isa = PBXGroup;
			children = (
				99F4A7A622E4DBE00047A972 /* Dictionary+Utils.swift */,
				99F4A7AD22E4E18A0047A972 /* Date+Utils.swift */,
				99F4A7B422E4EC4E0047A972 /* ImageView+Utils.swift */,
			);
			path = Utils;
			sourceTree = "<group>";
		};
		99F4A7A822E4DCF90047A972 /* UI Layer */ = {
			isa = PBXGroup;
			children = (
				99F4A7A922E4DD1A0047A972 /* RedditPostTableViewCell.swift */,
				99F4A7AA22E4DD1A0047A972 /* RedditPostTableViewCell.xib */,
				99F4A7B822E4F21E0047A972 /* SpinnerTableViewCell.swift */,
				99F4A7B922E4F21E0047A972 /* SpinnerTableViewCell.xib */,
			);
			path = "UI Layer";
			sourceTree = "<group>";
		};
		99F4A7AF22E4E54F0047A972 /* Data Layer */ = {
			isa = PBXGroup;
			children = (
				99F4A7B022E4E5670047A972 /* DataManager.swift */,
				99F4A7B222E4E6640047A972 /* PostsDataSource.swift */,
			);
			path = "Data Layer";
			sourceTree = "<group>";
		};
/* End PBXGroup section */

/* Begin PBXNativeTarget section */
		99F4A76E22E4D9B00047A972 /* RedditClient */ = {
			isa = PBXNativeTarget;
			buildConfigurationList = 99F4A79722E4D9B20047A972 /* Build configuration list for PBXNativeTarget "RedditClient" */;
			buildPhases = (
				99F4A76B22E4D9B00047A972 /* Sources */,
				99F4A76C22E4D9B00047A972 /* Frameworks */,
				99F4A76D22E4D9B00047A972 /* Resources */,
			);
			buildRules = (
			);
			dependencies = (
			);
			name = RedditClient;
			productName = RedditClient;
			productReference = 99F4A76F22E4D9B00047A972 /* RedditClient.app */;
			productType = "com.apple.product-type.application";
		};
		99F4A78222E4D9B20047A972 /* RedditClientTests */ = {
			isa = PBXNativeTarget;
			buildConfigurationList = 99F4A79A22E4D9B20047A972 /* Build configuration list for PBXNativeTarget "RedditClientTests" */;
			buildPhases = (
				99F4A77F22E4D9B20047A972 /* Sources */,
				99F4A78022E4D9B20047A972 /* Frameworks */,
				99F4A78122E4D9B20047A972 /* Resources */,
			);
			buildRules = (
			);
			dependencies = (
				99F4A78522E4D9B20047A972 /* PBXTargetDependency */,
			);
			name = RedditClientTests;
			productName = RedditClientTests;
			productReference = 99F4A78322E4D9B20047A972 /* RedditClientTests.xctest */;
			productType = "com.apple.product-type.bundle.unit-test";
		};
		99F4A78D22E4D9B20047A972 /* RedditClientUITests */ = {
			isa = PBXNativeTarget;
			buildConfigurationList = 99F4A79D22E4D9B20047A972 /* Build configuration list for PBXNativeTarget "RedditClientUITests" */;
			buildPhases = (
				99F4A78A22E4D9B20047A972 /* Sources */,
				99F4A78B22E4D9B20047A972 /* Frameworks */,
				99F4A78C22E4D9B20047A972 /* Resources */,
			);
			buildRules = (
			);
			dependencies = (
				99F4A79022E4D9B20047A972 /* PBXTargetDependency */,
			);
			name = RedditClientUITests;
			productName = RedditClientUITests;
			productReference = 99F4A78E22E4D9B20047A972 /* RedditClientUITests.xctest */;
			productType = "com.apple.product-type.bundle.ui-testing";
		};
/* End PBXNativeTarget section */

/* Begin PBXProject section */
		99F4A76722E4D9B00047A972 /* Project object */ = {
			isa = PBXProject;
			attributes = {
				LastSwiftUpdateCheck = 1020;
				LastUpgradeCheck = 1020;
				ORGANIZATIONNAME = "Julian Astrada";
				TargetAttributes = {
					99F4A76E22E4D9B00047A972 = {
						CreatedOnToolsVersion = 10.2;
					};
					99F4A78222E4D9B20047A972 = {
						CreatedOnToolsVersion = 10.2;
						TestTargetID = 99F4A76E22E4D9B00047A972;
					};
					99F4A78D22E4D9B20047A972 = {
						CreatedOnToolsVersion = 10.2;
						TestTargetID = 99F4A76E22E4D9B00047A972;
					};
				};
			};
			buildConfigurationList = 99F4A76A22E4D9B00047A972 /* Build configuration list for PBXProject "RedditClient" */;
			compatibilityVersion = "Xcode 9.3";
			developmentRegion = en;
			hasScannedForEncodings = 0;
			knownRegions = (
				en,
				Base,
			);
			mainGroup = 99F4A76622E4D9B00047A972;
			productRefGroup = 99F4A77022E4D9B00047A972 /* Products */;
			projectDirPath = "";
			projectRoot = "";
			targets = (
				99F4A76E22E4D9B00047A972 /* RedditClient */,
				99F4A78222E4D9B20047A972 /* RedditClientTests */,
				99F4A78D22E4D9B20047A972 /* RedditClientUITests */,
			);
		};
/* End PBXProject section */

/* Begin PBXResourcesBuildPhase section */
		99F4A76D22E4D9B00047A972 /* Resources */ = {
			isa = PBXResourcesBuildPhase;
			buildActionMask = 2147483647;
			files = (
				99F4A77D22E4D9B20047A972 /* LaunchScreen.storyboard in Resources */,
				99F4A7AC22E4DD1A0047A972 /* RedditPostTableViewCell.xib in Resources */,
				99F4A7BB22E4F21E0047A972 /* SpinnerTableViewCell.xib in Resources */,
				99F4A77A22E4D9B20047A972 /* Assets.xcassets in Resources */,
				99F4A77822E4D9B00047A972 /* Main.storyboard in Resources */,
			);
			runOnlyForDeploymentPostprocessing = 0;
		};
		99F4A78122E4D9B20047A972 /* Resources */ = {
			isa = PBXResourcesBuildPhase;
			buildActionMask = 2147483647;
			files = (
			);
			runOnlyForDeploymentPostprocessing = 0;
		};
		99F4A78C22E4D9B20047A972 /* Resources */ = {
			isa = PBXResourcesBuildPhase;
			buildActionMask = 2147483647;
			files = (
			);
			runOnlyForDeploymentPostprocessing = 0;
		};
/* End PBXResourcesBuildPhase section */

/* Begin PBXSourcesBuildPhase section */
		99F4A76B22E4D9B00047A972 /* Sources */ = {
			isa = PBXSourcesBuildPhase;
			buildActionMask = 2147483647;
			files = (
				99F4A7BA22E4F21E0047A972 /* SpinnerTableViewCell.swift in Sources */,
				99F4A7A222E4DB080047A972 /* APIManager.swift in Sources */,
				99F4A7B122E4E5670047A972 /* DataManager.swift in Sources */,
				99F4A7AB22E4DD1A0047A972 /* RedditPostTableViewCell.swift in Sources */,
				99F4A7A422E4DB4E0047A972 /* RedditPost.swift in Sources */,
				99F4A7A722E4DBE00047A972 /* Dictionary+Utils.swift in Sources */,
				99F4A77522E4D9B00047A972 /* ViewController.swift in Sources */,
				99F4A7AE22E4E18A0047A972 /* Date+Utils.swift in Sources */,
				99F4A77322E4D9B00047A972 /* AppDelegate.swift in Sources */,
				99F4A7B522E4EC4E0047A972 /* ImageView+Utils.swift in Sources */,
				99F4A7B322E4E6640047A972 /* PostsDataSource.swift in Sources */,
			);
			runOnlyForDeploymentPostprocessing = 0;
		};
		99F4A77F22E4D9B20047A972 /* Sources */ = {
			isa = PBXSourcesBuildPhase;
			buildActionMask = 2147483647;
			files = (
				99F4A78822E4D9B20047A972 /* RedditClientTests.swift in Sources */,
			);
			runOnlyForDeploymentPostprocessing = 0;
		};
		99F4A78A22E4D9B20047A972 /* Sources */ = {
			isa = PBXSourcesBuildPhase;
			buildActionMask = 2147483647;
			files = (
				99F4A79322E4D9B20047A972 /* RedditClientUITests.swift in Sources */,
			);
			runOnlyForDeploymentPostprocessing = 0;
		};
/* End PBXSourcesBuildPhase section */

/* Begin PBXTargetDependency section */
		99F4A78522E4D9B20047A972 /* PBXTargetDependency */ = {
			isa = PBXTargetDependency;
			target = 99F4A76E22E4D9B00047A972 /* RedditClient */;
			targetProxy = 99F4A78422E4D9B20047A972 /* PBXContainerItemProxy */;
		};
		99F4A79022E4D9B20047A972 /* PBXTargetDependency */ = {
			isa = PBXTargetDependency;
			target = 99F4A76E22E4D9B00047A972 /* RedditClient */;
			targetProxy = 99F4A78F22E4D9B20047A972 /* PBXContainerItemProxy */;
		};
/* End PBXTargetDependency section */

/* Begin PBXVariantGroup section */
		99F4A77622E4D9B00047A972 /* Main.storyboard */ = {
			isa = PBXVariantGroup;
			children = (
				99F4A77722E4D9B00047A972 /* Base */,
			);
			name = Main.storyboard;
			sourceTree = "<group>";
		};
		99F4A77B22E4D9B20047A972 /* LaunchScreen.storyboard */ = {
			isa = PBXVariantGroup;
			children = (
				99F4A77C22E4D9B20047A972 /* Base */,
			);
			name = LaunchScreen.storyboard;
			sourceTree = "<group>";
		};
/* End PBXVariantGroup section */

/* Begin XCBuildConfiguration section */
		99F4A79522E4D9B20047A972 /* Debug */ = {
			isa = XCBuildConfiguration;
			buildSettings = {
				ALWAYS_SEARCH_USER_PATHS = NO;
				CLANG_ANALYZER_NONNULL = YES;
				CLANG_ANALYZER_NUMBER_OBJECT_CONVERSION = YES_AGGRESSIVE;
				CLANG_CXX_LANGUAGE_STANDARD = "gnu++14";
				CLANG_CXX_LIBRARY = "libc++";
				CLANG_ENABLE_MODULES = YES;
				CLANG_ENABLE_OBJC_ARC = YES;
				CLANG_ENABLE_OBJC_WEAK = YES;
				CLANG_WARN_BLOCK_CAPTURE_AUTORELEASING = YES;
				CLANG_WARN_BOOL_CONVERSION = YES;
				CLANG_WARN_COMMA = YES;
				CLANG_WARN_CONSTANT_CONVERSION = YES;
				CLANG_WARN_DEPRECATED_OBJC_IMPLEMENTATIONS = YES;
				CLANG_WARN_DIRECT_OBJC_ISA_USAGE = YES_ERROR;
				CLANG_WARN_DOCUMENTATION_COMMENTS = YES;
				CLANG_WARN_EMPTY_BODY = YES;
				CLANG_WARN_ENUM_CONVERSION = YES;
				CLANG_WARN_INFINITE_RECURSION = YES;
				CLANG_WARN_INT_CONVERSION = YES;
				CLANG_WARN_NON_LITERAL_NULL_CONVERSION = YES;
				CLANG_WARN_OBJC_IMPLICIT_RETAIN_SELF = YES;
				CLANG_WARN_OBJC_LITERAL_CONVERSION = YES;
				CLANG_WARN_OBJC_ROOT_CLASS = YES_ERROR;
				CLANG_WARN_RANGE_LOOP_ANALYSIS = YES;
				CLANG_WARN_STRICT_PROTOTYPES = YES;
				CLANG_WARN_SUSPICIOUS_MOVE = YES;
				CLANG_WARN_UNGUARDED_AVAILABILITY = YES_AGGRESSIVE;
				CLANG_WARN_UNREACHABLE_CODE = YES;
				CLANG_WARN__DUPLICATE_METHOD_MATCH = YES;
				CODE_SIGN_IDENTITY = "iPhone Developer";
				COPY_PHASE_STRIP = NO;
				DEBUG_INFORMATION_FORMAT = dwarf;
				ENABLE_STRICT_OBJC_MSGSEND = YES;
				ENABLE_TESTABILITY = YES;
				GCC_C_LANGUAGE_STANDARD = gnu11;
				GCC_DYNAMIC_NO_PIC = NO;
				GCC_NO_COMMON_BLOCKS = YES;
				GCC_OPTIMIZATION_LEVEL = 0;
				GCC_PREPROCESSOR_DEFINITIONS = (
					"DEBUG=1",
					"$(inherited)",
				);
				GCC_WARN_64_TO_32_BIT_CONVERSION = YES;
				GCC_WARN_ABOUT_RETURN_TYPE = YES_ERROR;
				GCC_WARN_UNDECLARED_SELECTOR = YES;
				GCC_WARN_UNINITIALIZED_AUTOS = YES_AGGRESSIVE;
				GCC_WARN_UNUSED_FUNCTION = YES;
				GCC_WARN_UNUSED_VARIABLE = YES;
				IPHONEOS_DEPLOYMENT_TARGET = 12.2;
				MTL_ENABLE_DEBUG_INFO = INCLUDE_SOURCE;
				MTL_FAST_MATH = YES;
				ONLY_ACTIVE_ARCH = YES;
				SDKROOT = iphoneos;
				SWIFT_ACTIVE_COMPILATION_CONDITIONS = DEBUG;
				SWIFT_OPTIMIZATION_LEVEL = "-Onone";
			};
			name = Debug;
		};
		99F4A79622E4D9B20047A972 /* Release */ = {
			isa = XCBuildConfiguration;
			buildSettings = {
				ALWAYS_SEARCH_USER_PATHS = NO;
				CLANG_ANALYZER_NONNULL = YES;
				CLANG_ANALYZER_NUMBER_OBJECT_CONVERSION = YES_AGGRESSIVE;
				CLANG_CXX_LANGUAGE_STANDARD = "gnu++14";
				CLANG_CXX_LIBRARY = "libc++";
				CLANG_ENABLE_MODULES = YES;
				CLANG_ENABLE_OBJC_ARC = YES;
				CLANG_ENABLE_OBJC_WEAK = YES;
				CLANG_WARN_BLOCK_CAPTURE_AUTORELEASING = YES;
				CLANG_WARN_BOOL_CONVERSION = YES;
				CLANG_WARN_COMMA = YES;
				CLANG_WARN_CONSTANT_CONVERSION = YES;
				CLANG_WARN_DEPRECATED_OBJC_IMPLEMENTATIONS = YES;
				CLANG_WARN_DIRECT_OBJC_ISA_USAGE = YES_ERROR;
				CLANG_WARN_DOCUMENTATION_COMMENTS = YES;
				CLANG_WARN_EMPTY_BODY = YES;
				CLANG_WARN_ENUM_CONVERSION = YES;
				CLANG_WARN_INFINITE_RECURSION = YES;
				CLANG_WARN_INT_CONVERSION = YES;
				CLANG_WARN_NON_LITERAL_NULL_CONVERSION = YES;
				CLANG_WARN_OBJC_IMPLICIT_RETAIN_SELF = YES;
				CLANG_WARN_OBJC_LITERAL_CONVERSION = YES;
				CLANG_WARN_OBJC_ROOT_CLASS = YES_ERROR;
				CLANG_WARN_RANGE_LOOP_ANALYSIS = YES;
				CLANG_WARN_STRICT_PROTOTYPES = YES;
				CLANG_WARN_SUSPICIOUS_MOVE = YES;
				CLANG_WARN_UNGUARDED_AVAILABILITY = YES_AGGRESSIVE;
				CLANG_WARN_UNREACHABLE_CODE = YES;
				CLANG_WARN__DUPLICATE_METHOD_MATCH = YES;
				CODE_SIGN_IDENTITY = "iPhone Developer";
				COPY_PHASE_STRIP = NO;
				DEBUG_INFORMATION_FORMAT = "dwarf-with-dsym";
				ENABLE_NS_ASSERTIONS = NO;
				ENABLE_STRICT_OBJC_MSGSEND = YES;
				GCC_C_LANGUAGE_STANDARD = gnu11;
				GCC_NO_COMMON_BLOCKS = YES;
				GCC_WARN_64_TO_32_BIT_CONVERSION = YES;
				GCC_WARN_ABOUT_RETURN_TYPE = YES_ERROR;
				GCC_WARN_UNDECLARED_SELECTOR = YES;
				GCC_WARN_UNINITIALIZED_AUTOS = YES_AGGRESSIVE;
				GCC_WARN_UNUSED_FUNCTION = YES;
				GCC_WARN_UNUSED_VARIABLE = YES;
				IPHONEOS_DEPLOYMENT_TARGET = 12.2;
				MTL_ENABLE_DEBUG_INFO = NO;
				MTL_FAST_MATH = YES;
				SDKROOT = iphoneos;
				SWIFT_COMPILATION_MODE = wholemodule;
				SWIFT_OPTIMIZATION_LEVEL = "-O";
				VALIDATE_PRODUCT = YES;
			};
			name = Release;
		};
		99F4A79822E4D9B20047A972 /* Debug */ = {
			isa = XCBuildConfiguration;
			buildSettings = {
				ASSETCATALOG_COMPILER_APPICON_NAME = AppIcon;
				CODE_SIGN_STYLE = Automatic;
				INFOPLIST_FILE = RedditClient/Info.plist;
				LD_RUNPATH_SEARCH_PATHS = (
					"$(inherited)",
					"@executable_path/Frameworks",
				);
				PRODUCT_BUNDLE_IDENTIFIER = com.astradajulian.RedditClient;
				PRODUCT_NAME = "$(TARGET_NAME)";
				SWIFT_VERSION = 5.0;
				TARGETED_DEVICE_FAMILY = "1,2";
			};
			name = Debug;
		};
		99F4A79922E4D9B20047A972 /* Release */ = {
			isa = XCBuildConfiguration;
			buildSettings = {
				ASSETCATALOG_COMPILER_APPICON_NAME = AppIcon;
				CODE_SIGN_STYLE = Automatic;
				INFOPLIST_FILE = RedditClient/Info.plist;
				LD_RUNPATH_SEARCH_PATHS = (
					"$(inherited)",
					"@executable_path/Frameworks",
				);
				PRODUCT_BUNDLE_IDENTIFIER = com.astradajulian.RedditClient;
				PRODUCT_NAME = "$(TARGET_NAME)";
				SWIFT_VERSION = 5.0;
				TARGETED_DEVICE_FAMILY = "1,2";
			};
			name = Release;
		};
		99F4A79B22E4D9B20047A972 /* Debug */ = {
			isa = XCBuildConfiguration;
			buildSettings = {
				ALWAYS_EMBED_SWIFT_STANDARD_LIBRARIES = YES;
				BUNDLE_LOADER = "$(TEST_HOST)";
				CODE_SIGN_STYLE = Automatic;
				INFOPLIST_FILE = RedditClientTests/Info.plist;
				LD_RUNPATH_SEARCH_PATHS = (
					"$(inherited)",
					"@executable_path/Frameworks",
					"@loader_path/Frameworks",
				);
				PRODUCT_BUNDLE_IDENTIFIER = com.astradajulian.RedditClientTests;
				PRODUCT_NAME = "$(TARGET_NAME)";
				SWIFT_VERSION = 5.0;
				TARGETED_DEVICE_FAMILY = "1,2";
				TEST_HOST = "$(BUILT_PRODUCTS_DIR)/RedditClient.app/RedditClient";
			};
			name = Debug;
		};
		99F4A79C22E4D9B20047A972 /* Release */ = {
			isa = XCBuildConfiguration;
			buildSettings = {
				ALWAYS_EMBED_SWIFT_STANDARD_LIBRARIES = YES;
				BUNDLE_LOADER = "$(TEST_HOST)";
				CODE_SIGN_STYLE = Automatic;
				INFOPLIST_FILE = RedditClientTests/Info.plist;
				LD_RUNPATH_SEARCH_PATHS = (
					"$(inherited)",
					"@executable_path/Frameworks",
					"@loader_path/Frameworks",
				);
				PRODUCT_BUNDLE_IDENTIFIER = com.astradajulian.RedditClientTests;
				PRODUCT_NAME = "$(TARGET_NAME)";
				SWIFT_VERSION = 5.0;
				TARGETED_DEVICE_FAMILY = "1,2";
				TEST_HOST = "$(BUILT_PRODUCTS_DIR)/RedditClient.app/RedditClient";
			};
			name = Release;
		};
		99F4A79E22E4D9B20047A972 /* Debug */ = {
			isa = XCBuildConfiguration;
			buildSettings = {
				ALWAYS_EMBED_SWIFT_STANDARD_LIBRARIES = YES;
				CODE_SIGN_STYLE = Automatic;
				INFOPLIST_FILE = RedditClientUITests/Info.plist;
				LD_RUNPATH_SEARCH_PATHS = (
					"$(inherited)",
					"@executable_path/Frameworks",
					"@loader_path/Frameworks",
				);
				PRODUCT_BUNDLE_IDENTIFIER = com.astradajulian.RedditClientUITests;
				PRODUCT_NAME = "$(TARGET_NAME)";
				SWIFT_VERSION = 5.0;
				TARGETED_DEVICE_FAMILY = "1,2";
				TEST_TARGET_NAME = RedditClient;
			};
			name = Debug;
		};
		99F4A79F22E4D9B20047A972 /* Release */ = {
			isa = XCBuildConfiguration;
			buildSettings = {
				ALWAYS_EMBED_SWIFT_STANDARD_LIBRARIES = YES;
				CODE_SIGN_STYLE = Automatic;
				INFOPLIST_FILE = RedditClientUITests/Info.plist;
				LD_RUNPATH_SEARCH_PATHS = (
					"$(inherited)",
					"@executable_path/Frameworks",
					"@loader_path/Frameworks",
				);
				PRODUCT_BUNDLE_IDENTIFIER = com.astradajulian.RedditClientUITests;
				PRODUCT_NAME = "$(TARGET_NAME)";
				SWIFT_VERSION = 5.0;
				TARGETED_DEVICE_FAMILY = "1,2";
				TEST_TARGET_NAME = RedditClient;
			};
			name = Release;
		};
/* End XCBuildConfiguration section */

/* Begin XCConfigurationList section */
		99F4A76A22E4D9B00047A972 /* Build configuration list for PBXProject "RedditClient" */ = {
			isa = XCConfigurationList;
			buildConfigurations = (
				99F4A79522E4D9B20047A972 /* Debug */,
				99F4A79622E4D9B20047A972 /* Release */,
			);
			defaultConfigurationIsVisible = 0;
			defaultConfigurationName = Release;
		};
		99F4A79722E4D9B20047A972 /* Build configuration list for PBXNativeTarget "RedditClient" */ = {
			isa = XCConfigurationList;
			buildConfigurations = (
				99F4A79822E4D9B20047A972 /* Debug */,
				99F4A79922E4D9B20047A972 /* Release */,
			);
			defaultConfigurationIsVisible = 0;
			defaultConfigurationName = Release;
		};
		99F4A79A22E4D9B20047A972 /* Build configuration list for PBXNativeTarget "RedditClientTests" */ = {
			isa = XCConfigurationList;
			buildConfigurations = (
				99F4A79B22E4D9B20047A972 /* Debug */,
				99F4A79C22E4D9B20047A972 /* Release */,
			);
			defaultConfigurationIsVisible = 0;
			defaultConfigurationName = Release;
		};
		99F4A79D22E4D9B20047A972 /* Build configuration list for PBXNativeTarget "RedditClientUITests" */ = {
			isa = XCConfigurationList;
			buildConfigurations = (
				99F4A79E22E4D9B20047A972 /* Debug */,
				99F4A79F22E4D9B20047A972 /* Release */,
			);
			defaultConfigurationIsVisible = 0;
			defaultConfigurationName = Release;
		};
/* End XCConfigurationList section */
	};
	rootObject = 99F4A76722E4D9B00047A972 /* Project object */;
}
